// !$*UTF8*$!
{
	archiveVersion = 1;
	classes = {
	};
	objectVersion = 46;
	objects = {

/* Begin PBXBuildFile section */
		13027A6B1E5CC70E001FA63E /* WorkshopsXCViewController.swift in Sources */ = {isa = PBXBuildFile; fileRef = 13027A6A1E5CC70E001FA63E /* WorkshopsXCViewController.swift */; };
		138C8C691E6CAEF00006ADCB /* SponsorsViewController.swift in Sources */ = {isa = PBXBuildFile; fileRef = 138C8C681E6CAEF00006ADCB /* SponsorsViewController.swift */; };
		13A126771E58908400096B77 /* MapViewController.swift in Sources */ = {isa = PBXBuildFile; fileRef = 13A126761E58908400096B77 /* MapViewController.swift */; };
		13AD34D51E5F1AD400DFF4DD /* PeopleViewController.swift in Sources */ = {isa = PBXBuildFile; fileRef = 13AD34D41E5F1AD400DFF4DD /* PeopleViewController.swift */; };
		13D693301E73A413004393B9 /* SponsorsTableViewController.swift in Sources */ = {isa = PBXBuildFile; fileRef = 13D6932F1E73A413004393B9 /* SponsorsTableViewController.swift */; };
		D0038E731F79DE8D00B8F29E /* DataManager.swift in Sources */ = {isa = PBXBuildFile; fileRef = D0038E721F79DE8D00B8F29E /* DataManager.swift */; };
		D0057AC81FBA4CA9009D0C0E /* STKit.framework in Frameworks */ = {isa = PBXBuildFile; fileRef = D0057AC71FBA4CA9009D0C0E /* STKit.framework */; };
		D03A368A1E57C53000B4F275 /* WorkshopsViewController.swift in Sources */ = {isa = PBXBuildFile; fileRef = D03A36891E57C53000B4F275 /* WorkshopsViewController.swift */; };
		D03A368C1E57E7A500B4F275 /* WorkshopCollectionViewCell.swift in Sources */ = {isa = PBXBuildFile; fileRef = D03A368B1E57E7A500B4F275 /* WorkshopCollectionViewCell.swift */; };
		D04788B41E551BF300158D49 /* Screen Shot 2017-02-15 at 6.29.27 PM.png in Resources */ = {isa = PBXBuildFile; fileRef = D04788B31E551BF300158D49 /* Screen Shot 2017-02-15 at 6.29.27 PM.png */; };
		D04788B61E5535A200158D49 /* SessionsViewController.swift in Sources */ = {isa = PBXBuildFile; fileRef = D04788B51E5535A200158D49 /* SessionsViewController.swift */; };
		D04788B81E55398C00158D49 /* project-newton-oakhill-interior.jpg in Resources */ = {isa = PBXBuildFile; fileRef = D04788B71E55398C00158D49 /* project-newton-oakhill-interior.jpg */; };
		D05405AD1E54C3F700339F74 /* ItemCollectionViewCell.swift in Sources */ = {isa = PBXBuildFile; fileRef = D05405AC1E54C3F700339F74 /* ItemCollectionViewCell.swift */; };
		D0771A631F9012C60089A822 /* WorkshopDetailViewController.swift in Sources */ = {isa = PBXBuildFile; fileRef = D0771A621F9012C60089A822 /* WorkshopDetailViewController.swift */; };
		D0771A651F90146A0089A822 /* Transitioner.swift in Sources */ = {isa = PBXBuildFile; fileRef = D0771A641F90146A0089A822 /* Transitioner.swift */; };
		D082354F1E526D8A0043FF04 /* AppDelegate.swift in Sources */ = {isa = PBXBuildFile; fileRef = D082354E1E526D8A0043FF04 /* AppDelegate.swift */; };
		D08235511E526D8A0043FF04 /* ViewController.swift in Sources */ = {isa = PBXBuildFile; fileRef = D08235501E526D8A0043FF04 /* ViewController.swift */; };
		D08235541E526D8A0043FF04 /* Main.storyboard in Resources */ = {isa = PBXBuildFile; fileRef = D08235521E526D8A0043FF04 /* Main.storyboard */; };
		D08235561E526D8A0043FF04 /* Assets.xcassets in Resources */ = {isa = PBXBuildFile; fileRef = D08235551E526D8A0043FF04 /* Assets.xcassets */; };
		D08235591E526D8A0043FF04 /* LaunchScreen.storyboard in Resources */ = {isa = PBXBuildFile; fileRef = D08235571E526D8A0043FF04 /* LaunchScreen.storyboard */; };
		D08235641E526D8A0043FF04 /* Conference_PlusTests.swift in Sources */ = {isa = PBXBuildFile; fileRef = D08235631E526D8A0043FF04 /* Conference_PlusTests.swift */; };
		D082356F1E526D8A0043FF04 /* Conference_PlusUITests.swift in Sources */ = {isa = PBXBuildFile; fileRef = D082356E1E526D8A0043FF04 /* Conference_PlusUITests.swift */; };
		D082357F1E526E150043FF04 /* JKJSONFile.swift in Sources */ = {isa = PBXBuildFile; fileRef = D082357E1E526E150043FF04 /* JKJSONFile.swift */; };
		D08235811E526FE80043FF04 /* info.json in Resources */ = {isa = PBXBuildFile; fileRef = D08235801E526FE80043FF04 /* info.json */; };
		D089A88C1E6D8DB200BCA0E1 /* AboutViewController.swift in Sources */ = {isa = PBXBuildFile; fileRef = D089A88B1E6D8DB200BCA0E1 /* AboutViewController.swift */; };
		D089A88E1E6D8DEF00BCA0E1 /* ScrollableHeaderView.swift in Sources */ = {isa = PBXBuildFile; fileRef = D089A88D1E6D8DEF00BCA0E1 /* ScrollableHeaderView.swift */; };
		D09CF3DE1E6DB70200A72D94 /* workshops.json in Resources */ = {isa = PBXBuildFile; fileRef = D0597E251E69A69A003B175E /* workshops.json */; };
		D09CF3DF1E6DB70300A72D94 /* workshops.json in Resources */ = {isa = PBXBuildFile; fileRef = D0597E251E69A69A003B175E /* workshops.json */; };
		D09CF3E01E6DB70300A72D94 /* workshops.json in Resources */ = {isa = PBXBuildFile; fileRef = D0597E251E69A69A003B175E /* workshops.json */; };
		D0A8285E1E6DE84800707ED3 /* Crooms.jpg in Resources */ = {isa = PBXBuildFile; fileRef = D0A8285D1E6DE84800707ED3 /* Crooms.jpg */; };
		D0A828601E6DF67200707ED3 /* AppIcon.appiconset in Resources */ = {isa = PBXBuildFile; fileRef = D0A8285F1E6DF67200707ED3 /* AppIcon.appiconset */; };
		D0B477E61E63734000FE9D01 /* DataModel.swift in Sources */ = {isa = PBXBuildFile; fileRef = D0B477E51E63733F00FE9D01 /* DataModel.swift */; };
		D0B53AF21E5CCE3500020B77 /* PeopleTableViewCell.swift in Sources */ = {isa = PBXBuildFile; fileRef = D0B53AF11E5CCE3500020B77 /* PeopleTableViewCell.swift */; };
		DBBDB9531E69A70B004BB1C2 /* Sponsors.xcassets in Resources */ = {isa = PBXBuildFile; fileRef = DBBDB9521E69A70B004BB1C2 /* Sponsors.xcassets */; };
		DBBDB9551E69A720004BB1C2 /* sponsors.json in Resources */ = {isa = PBXBuildFile; fileRef = DBBDB9541E69A720004BB1C2 /* sponsors.json */; };
/* End PBXBuildFile section */

/* Begin PBXContainerItemProxy section */
		D08235601E526D8A0043FF04 /* PBXContainerItemProxy */ = {
			isa = PBXContainerItemProxy;
			containerPortal = D08235431E526D8A0043FF04 /* Project object */;
			proxyType = 1;
			remoteGlobalIDString = D082354A1E526D8A0043FF04;
			remoteInfo = "Conference Plus";
		};
		D082356B1E526D8A0043FF04 /* PBXContainerItemProxy */ = {
			isa = PBXContainerItemProxy;
			containerPortal = D08235431E526D8A0043FF04 /* Project object */;
			proxyType = 1;
			remoteGlobalIDString = D082354A1E526D8A0043FF04;
			remoteInfo = "Conference Plus";
		};
/* End PBXContainerItemProxy section */

/* Begin PBXCopyFilesBuildPhase section */
		D07C52591FB7C1C100DE79B6 /* Embed Frameworks */ = {
			isa = PBXCopyFilesBuildPhase;
			buildActionMask = 2147483647;
			dstPath = "";
			dstSubfolderSpec = 10;
			files = (
			);
			name = "Embed Frameworks";
			runOnlyForDeploymentPostprocessing = 0;
		};
/* End PBXCopyFilesBuildPhase section */

/* Begin PBXFileReference section */
		13027A6A1E5CC70E001FA63E /* WorkshopsXCViewController.swift */ = {isa = PBXFileReference; fileEncoding = 4; lastKnownFileType = sourcecode.swift; path = WorkshopsXCViewController.swift; sourceTree = "<group>"; };
		138C8C681E6CAEF00006ADCB /* SponsorsViewController.swift */ = {isa = PBXFileReference; fileEncoding = 4; lastKnownFileType = sourcecode.swift; path = SponsorsViewController.swift; sourceTree = "<group>"; };
		13A126761E58908400096B77 /* MapViewController.swift */ = {isa = PBXFileReference; fileEncoding = 4; lastKnownFileType = sourcecode.swift; path = MapViewController.swift; sourceTree = "<group>"; };
		13AD34D41E5F1AD400DFF4DD /* PeopleViewController.swift */ = {isa = PBXFileReference; fileEncoding = 4; lastKnownFileType = sourcecode.swift; name = PeopleViewController.swift; path = "Conference Plus/PeopleViewController.swift"; sourceTree = SOURCE_ROOT; };
		13D6932F1E73A413004393B9 /* SponsorsTableViewController.swift */ = {isa = PBXFileReference; fileEncoding = 4; lastKnownFileType = sourcecode.swift; path = SponsorsTableViewController.swift; sourceTree = "<group>"; };
		D0038E721F79DE8D00B8F29E /* DataManager.swift */ = {isa = PBXFileReference; lastKnownFileType = sourcecode.swift; path = DataManager.swift; sourceTree = "<group>"; };
		D0057AC71FBA4CA9009D0C0E /* STKit.framework */ = {isa = PBXFileReference; lastKnownFileType = wrapper.framework; path = STKit.framework; sourceTree = "<group>"; };
		D03A36891E57C53000B4F275 /* WorkshopsViewController.swift */ = {isa = PBXFileReference; fileEncoding = 4; lastKnownFileType = sourcecode.swift; path = WorkshopsViewController.swift; sourceTree = "<group>"; };
		D03A368B1E57E7A500B4F275 /* WorkshopCollectionViewCell.swift */ = {isa = PBXFileReference; fileEncoding = 4; lastKnownFileType = sourcecode.swift; path = WorkshopCollectionViewCell.swift; sourceTree = "<group>"; };
		D04788B31E551BF300158D49 /* Screen Shot 2017-02-15 at 6.29.27 PM.png */ = {isa = PBXFileReference; lastKnownFileType = image.png; path = "Screen Shot 2017-02-15 at 6.29.27 PM.png"; sourceTree = "<group>"; };
		D04788B51E5535A200158D49 /* SessionsViewController.swift */ = {isa = PBXFileReference; fileEncoding = 4; lastKnownFileType = sourcecode.swift; path = SessionsViewController.swift; sourceTree = "<group>"; };
		D04788B71E55398C00158D49 /* project-newton-oakhill-interior.jpg */ = {isa = PBXFileReference; lastKnownFileType = image.jpeg; path = "project-newton-oakhill-interior.jpg"; sourceTree = "<group>"; };
		D05405AC1E54C3F700339F74 /* ItemCollectionViewCell.swift */ = {isa = PBXFileReference; fileEncoding = 4; lastKnownFileType = sourcecode.swift; path = ItemCollectionViewCell.swift; sourceTree = "<group>"; };
		D0597E251E69A69A003B175E /* workshops.json */ = {isa = PBXFileReference; fileEncoding = 4; lastKnownFileType = text.json; path = workshops.json; sourceTree = "<group>"; };
		D0771A621F9012C60089A822 /* WorkshopDetailViewController.swift */ = {isa = PBXFileReference; lastKnownFileType = sourcecode.swift; path = WorkshopDetailViewController.swift; sourceTree = "<group>"; };
		D0771A641F90146A0089A822 /* Transitioner.swift */ = {isa = PBXFileReference; lastKnownFileType = sourcecode.swift; path = Transitioner.swift; sourceTree = "<group>"; };
		D082354B1E526D8A0043FF04 /* TechFest.app */ = {isa = PBXFileReference; explicitFileType = wrapper.application; includeInIndex = 0; path = TechFest.app; sourceTree = BUILT_PRODUCTS_DIR; };
		D082354E1E526D8A0043FF04 /* AppDelegate.swift */ = {isa = PBXFileReference; lastKnownFileType = sourcecode.swift; path = AppDelegate.swift; sourceTree = "<group>"; };
		D08235501E526D8A0043FF04 /* ViewController.swift */ = {isa = PBXFileReference; lastKnownFileType = sourcecode.swift; path = ViewController.swift; sourceTree = "<group>"; };
		D08235531E526D8A0043FF04 /* Base */ = {isa = PBXFileReference; lastKnownFileType = file.storyboard; name = Base; path = Base.lproj/Main.storyboard; sourceTree = "<group>"; };
		D08235551E526D8A0043FF04 /* Assets.xcassets */ = {isa = PBXFileReference; lastKnownFileType = folder.assetcatalog; path = Assets.xcassets; sourceTree = "<group>"; };
		D08235581E526D8A0043FF04 /* Base */ = {isa = PBXFileReference; lastKnownFileType = file.storyboard; name = Base; path = Base.lproj/LaunchScreen.storyboard; sourceTree = "<group>"; };
		D082355A1E526D8A0043FF04 /* Info.plist */ = {isa = PBXFileReference; lastKnownFileType = text.plist.xml; path = Info.plist; sourceTree = "<group>"; };
		D082355F1E526D8A0043FF04 /* TechFestTests.xctest */ = {isa = PBXFileReference; explicitFileType = wrapper.cfbundle; includeInIndex = 0; path = TechFestTests.xctest; sourceTree = BUILT_PRODUCTS_DIR; };
		D08235631E526D8A0043FF04 /* Conference_PlusTests.swift */ = {isa = PBXFileReference; lastKnownFileType = sourcecode.swift; path = Conference_PlusTests.swift; sourceTree = "<group>"; };
		D08235651E526D8A0043FF04 /* Info.plist */ = {isa = PBXFileReference; lastKnownFileType = text.plist.xml; path = Info.plist; sourceTree = "<group>"; };
		D082356A1E526D8A0043FF04 /* TechFestUITests.xctest */ = {isa = PBXFileReference; explicitFileType = wrapper.cfbundle; includeInIndex = 0; path = TechFestUITests.xctest; sourceTree = BUILT_PRODUCTS_DIR; };
		D082356E1E526D8A0043FF04 /* Conference_PlusUITests.swift */ = {isa = PBXFileReference; lastKnownFileType = sourcecode.swift; path = Conference_PlusUITests.swift; sourceTree = "<group>"; };
		D08235701E526D8A0043FF04 /* Info.plist */ = {isa = PBXFileReference; lastKnownFileType = text.plist.xml; path = Info.plist; sourceTree = "<group>"; };
		D082357E1E526E150043FF04 /* JKJSONFile.swift */ = {isa = PBXFileReference; fileEncoding = 4; lastKnownFileType = sourcecode.swift; path = JKJSONFile.swift; sourceTree = "<group>"; };
		D08235801E526FE80043FF04 /* info.json */ = {isa = PBXFileReference; fileEncoding = 4; lastKnownFileType = text.json; path = info.json; sourceTree = "<group>"; };
		D089A88B1E6D8DB200BCA0E1 /* AboutViewController.swift */ = {isa = PBXFileReference; fileEncoding = 4; lastKnownFileType = sourcecode.swift; path = AboutViewController.swift; sourceTree = "<group>"; };
		D089A88D1E6D8DEF00BCA0E1 /* ScrollableHeaderView.swift */ = {isa = PBXFileReference; fileEncoding = 4; lastKnownFileType = sourcecode.swift; path = ScrollableHeaderView.swift; sourceTree = "<group>"; };
		D0A8285D1E6DE84800707ED3 /* Crooms.jpg */ = {isa = PBXFileReference; lastKnownFileType = image.jpeg; path = Crooms.jpg; sourceTree = "<group>"; };
		D0A8285F1E6DF67200707ED3 /* AppIcon.appiconset */ = {isa = PBXFileReference; lastKnownFileType = folder; path = AppIcon.appiconset; sourceTree = "<group>"; };
		D0B477E51E63733F00FE9D01 /* DataModel.swift */ = {isa = PBXFileReference; fileEncoding = 4; lastKnownFileType = sourcecode.swift; path = DataModel.swift; sourceTree = "<group>"; };
		D0B53AF11E5CCE3500020B77 /* PeopleTableViewCell.swift */ = {isa = PBXFileReference; fileEncoding = 4; lastKnownFileType = sourcecode.swift; path = PeopleTableViewCell.swift; sourceTree = "<group>"; };
		DBBDB9521E69A70B004BB1C2 /* Sponsors.xcassets */ = {isa = PBXFileReference; lastKnownFileType = folder.assetcatalog; path = Sponsors.xcassets; sourceTree = "<group>"; };
		DBBDB9541E69A720004BB1C2 /* sponsors.json */ = {isa = PBXFileReference; fileEncoding = 4; lastKnownFileType = text.json; path = sponsors.json; sourceTree = "<group>"; };
/* End PBXFileReference section */

/* Begin PBXFrameworksBuildPhase section */
		D08235481E526D8A0043FF04 /* Frameworks */ = {
			isa = PBXFrameworksBuildPhase;
			buildActionMask = 2147483647;
			files = (
				D0057AC81FBA4CA9009D0C0E /* STKit.framework in Frameworks */,
			);
			runOnlyForDeploymentPostprocessing = 0;
		};
		D082355C1E526D8A0043FF04 /* Frameworks */ = {
			isa = PBXFrameworksBuildPhase;
			buildActionMask = 2147483647;
			files = (
			);
			runOnlyForDeploymentPostprocessing = 0;
		};
		D08235671E526D8A0043FF04 /* Frameworks */ = {
			isa = PBXFrameworksBuildPhase;
			buildActionMask = 2147483647;
			files = (
			);
			runOnlyForDeploymentPostprocessing = 0;
		};
/* End PBXFrameworksBuildPhase section */

/* Begin PBXGroup section */
		D03A368D1E57E7AD00B4F275 /* Cells */ = {
			isa = PBXGroup;
			children = (
				D03A368B1E57E7A500B4F275 /* WorkshopCollectionViewCell.swift */,
				D05405AC1E54C3F700339F74 /* ItemCollectionViewCell.swift */,
				D0B53AF11E5CCE3500020B77 /* PeopleTableViewCell.swift */,
			);
			name = Cells;
			sourceTree = "<group>";
		};
		D03A368E1E57E7BB00B4F275 /* View Controllers */ = {
			isa = PBXGroup;
			children = (
				13A126761E58908400096B77 /* MapViewController.swift */,
				13AD34D41E5F1AD400DFF4DD /* PeopleViewController.swift */,
				D089A88B1E6D8DB200BCA0E1 /* AboutViewController.swift */,
				D08235501E526D8A0043FF04 /* ViewController.swift */,
				D04788B51E5535A200158D49 /* SessionsViewController.swift */,
				138C8C681E6CAEF00006ADCB /* SponsorsViewController.swift */,
				13D6932F1E73A413004393B9 /* SponsorsTableViewController.swift */,
				D03A36891E57C53000B4F275 /* WorkshopsViewController.swift */,
				D0771A641F90146A0089A822 /* Transitioner.swift */,
				13027A6A1E5CC70E001FA63E /* WorkshopsXCViewController.swift */,
				D089A88D1E6D8DEF00BCA0E1 /* ScrollableHeaderView.swift */,
				D0771A621F9012C60089A822 /* WorkshopDetailViewController.swift */,
				D0038E721F79DE8D00B8F29E /* DataManager.swift */,
			);
			name = "View Controllers";
			sourceTree = "<group>";
		};
		D08235421E526D8A0043FF04 = {
			isa = PBXGroup;
			children = (
				D0057AC71FBA4CA9009D0C0E /* STKit.framework */,
				D082354D1E526D8A0043FF04 /* Conference Plus */,
				D08235621E526D8A0043FF04 /* Conference PlusTests */,
				D082356D1E526D8A0043FF04 /* Conference PlusUITests */,
				D082354C1E526D8A0043FF04 /* Products */,
			);
			sourceTree = "<group>";
		};
		D082354C1E526D8A0043FF04 /* Products */ = {
			isa = PBXGroup;
			children = (
				D082354B1E526D8A0043FF04 /* TechFest.app */,
				D082355F1E526D8A0043FF04 /* TechFestTests.xctest */,
				D082356A1E526D8A0043FF04 /* TechFestUITests.xctest */,
			);
			name = Products;
			sourceTree = "<group>";
		};
		D082354D1E526D8A0043FF04 /* Conference Plus */ = {
			isa = PBXGroup;
			children = (
				D082354E1E526D8A0043FF04 /* AppDelegate.swift */,
				D03A368E1E57E7BB00B4F275 /* View Controllers */,
				D03A368D1E57E7AD00B4F275 /* Cells */,
				D082357E1E526E150043FF04 /* JKJSONFile.swift */,
				D0597E251E69A69A003B175E /* workshops.json */,
				D0B477E51E63733F00FE9D01 /* DataModel.swift */,
				D08235801E526FE80043FF04 /* info.json */,
				DBBDB9541E69A720004BB1C2 /* sponsors.json */,
				D08235521E526D8A0043FF04 /* Main.storyboard */,
				DBBDB9521E69A70B004BB1C2 /* Sponsors.xcassets */,
				D0A8285F1E6DF67200707ED3 /* AppIcon.appiconset */,
				D08235551E526D8A0043FF04 /* Assets.xcassets */,
				D04788B71E55398C00158D49 /* project-newton-oakhill-interior.jpg */,
				D0A8285D1E6DE84800707ED3 /* Crooms.jpg */,
				D04788B31E551BF300158D49 /* Screen Shot 2017-02-15 at 6.29.27 PM.png */,
				D08235571E526D8A0043FF04 /* LaunchScreen.storyboard */,
				D082355A1E526D8A0043FF04 /* Info.plist */,
			);
			path = "Conference Plus";
			sourceTree = "<group>";
		};
		D08235621E526D8A0043FF04 /* Conference PlusTests */ = {
			isa = PBXGroup;
			children = (
				D08235631E526D8A0043FF04 /* Conference_PlusTests.swift */,
				D08235651E526D8A0043FF04 /* Info.plist */,
			);
			path = "Conference PlusTests";
			sourceTree = "<group>";
		};
		D082356D1E526D8A0043FF04 /* Conference PlusUITests */ = {
			isa = PBXGroup;
			children = (
				D082356E1E526D8A0043FF04 /* Conference_PlusUITests.swift */,
				D08235701E526D8A0043FF04 /* Info.plist */,
			);
			path = "Conference PlusUITests";
			sourceTree = "<group>";
		};
/* End PBXGroup section */

/* Begin PBXNativeTarget section */
		D082354A1E526D8A0043FF04 /* TechFest */ = {
			isa = PBXNativeTarget;
			buildConfigurationList = D08235731E526D8A0043FF04 /* Build configuration list for PBXNativeTarget "TechFest" */;
			buildPhases = (
				D08235471E526D8A0043FF04 /* Sources */,
				D08235481E526D8A0043FF04 /* Frameworks */,
				D08235491E526D8A0043FF04 /* Resources */,
				D07C52591FB7C1C100DE79B6 /* Embed Frameworks */,
			);
			buildRules = (
			);
			dependencies = (
			);
			name = TechFest;
			productName = "Conference Plus";
			productReference = D082354B1E526D8A0043FF04 /* TechFest.app */;
			productType = "com.apple.product-type.application";
		};
		D082355E1E526D8A0043FF04 /* TechFestTests */ = {
			isa = PBXNativeTarget;
			buildConfigurationList = D08235761E526D8A0043FF04 /* Build configuration list for PBXNativeTarget "TechFestTests" */;
			buildPhases = (
				D082355B1E526D8A0043FF04 /* Sources */,
				D082355C1E526D8A0043FF04 /* Frameworks */,
				D082355D1E526D8A0043FF04 /* Resources */,
			);
			buildRules = (
			);
			dependencies = (
				D08235611E526D8A0043FF04 /* PBXTargetDependency */,
			);
			name = TechFestTests;
			productName = "Conference PlusTests";
			productReference = D082355F1E526D8A0043FF04 /* TechFestTests.xctest */;
			productType = "com.apple.product-type.bundle.unit-test";
		};
		D08235691E526D8A0043FF04 /* TechFestUITests */ = {
			isa = PBXNativeTarget;
			buildConfigurationList = D08235791E526D8A0043FF04 /* Build configuration list for PBXNativeTarget "TechFestUITests" */;
			buildPhases = (
				D08235661E526D8A0043FF04 /* Sources */,
				D08235671E526D8A0043FF04 /* Frameworks */,
				D08235681E526D8A0043FF04 /* Resources */,
			);
			buildRules = (
			);
			dependencies = (
				D082356C1E526D8A0043FF04 /* PBXTargetDependency */,
			);
			name = TechFestUITests;
			productName = "Conference PlusUITests";
			productReference = D082356A1E526D8A0043FF04 /* TechFestUITests.xctest */;
			productType = "com.apple.product-type.bundle.ui-testing";
		};
/* End PBXNativeTarget section */

/* Begin PBXProject section */
		D08235431E526D8A0043FF04 /* Project object */ = {
			isa = PBXProject;
			attributes = {
				LastSwiftUpdateCheck = 0820;
				LastUpgradeCheck = 0900;
				ORGANIZATIONNAME = "Suneet Tipirneni";
				TargetAttributes = {
					D082354A1E526D8A0043FF04 = {
						CreatedOnToolsVersion = 8.2.1;
						DevelopmentTeam = 7DL8RQG4VE;
						LastSwiftMigration = 0900;
						ProvisioningStyle = Automatic;
					};
					D082355E1E526D8A0043FF04 = {
						CreatedOnToolsVersion = 8.2.1;
						DevelopmentTeam = 7DL8RQG4VE;
						LastSwiftMigration = 0900;
						ProvisioningStyle = Automatic;
						TestTargetID = D082354A1E526D8A0043FF04;
					};
					D08235691E526D8A0043FF04 = {
						CreatedOnToolsVersion = 8.2.1;
						DevelopmentTeam = 7DL8RQG4VE;
						LastSwiftMigration = 0900;
						ProvisioningStyle = Automatic;
						TestTargetID = D082354A1E526D8A0043FF04;
					};
				};
			};
			buildConfigurationList = D08235461E526D8A0043FF04 /* Build configuration list for PBXProject "TechFest" */;
			compatibilityVersion = "Xcode 3.2";
			developmentRegion = English;
			hasScannedForEncodings = 0;
			knownRegions = (
				en,
				Base,
			);
			mainGroup = D08235421E526D8A0043FF04;
			productRefGroup = D082354C1E526D8A0043FF04 /* Products */;
			projectDirPath = "";
			projectRoot = "";
			targets = (
				D082354A1E526D8A0043FF04 /* TechFest */,
				D082355E1E526D8A0043FF04 /* TechFestTests */,
				D08235691E526D8A0043FF04 /* TechFestUITests */,
			);
		};
/* End PBXProject section */

/* Begin PBXResourcesBuildPhase section */
		D08235491E526D8A0043FF04 /* Resources */ = {
			isa = PBXResourcesBuildPhase;
			buildActionMask = 2147483647;
			files = (
				DBBDB9531E69A70B004BB1C2 /* Sponsors.xcassets in Resources */,
				D08235591E526D8A0043FF04 /* LaunchScreen.storyboard in Resources */,
				D08235811E526FE80043FF04 /* info.json in Resources */,
				D0A828601E6DF67200707ED3 /* AppIcon.appiconset in Resources */,
				D08235561E526D8A0043FF04 /* Assets.xcassets in Resources */,
				D09CF3DE1E6DB70200A72D94 /* workshops.json in Resources */,
				D08235541E526D8A0043FF04 /* Main.storyboard in Resources */,
				D04788B41E551BF300158D49 /* Screen Shot 2017-02-15 at 6.29.27 PM.png in Resources */,
				D0A8285E1E6DE84800707ED3 /* Crooms.jpg in Resources */,
				D04788B81E55398C00158D49 /* project-newton-oakhill-interior.jpg in Resources */,
				DBBDB9551E69A720004BB1C2 /* sponsors.json in Resources */,
			);
			runOnlyForDeploymentPostprocessing = 0;
		};
		D082355D1E526D8A0043FF04 /* Resources */ = {
			isa = PBXResourcesBuildPhase;
			buildActionMask = 2147483647;
			files = (
				D09CF3DF1E6DB70300A72D94 /* workshops.json in Resources */,
			);
			runOnlyForDeploymentPostprocessing = 0;
		};
		D08235681E526D8A0043FF04 /* Resources */ = {
			isa = PBXResourcesBuildPhase;
			buildActionMask = 2147483647;
			files = (
				D09CF3E01E6DB70300A72D94 /* workshops.json in Resources */,
			);
			runOnlyForDeploymentPostprocessing = 0;
		};
/* End PBXResourcesBuildPhase section */

/* Begin PBXSourcesBuildPhase section */
		D08235471E526D8A0043FF04 /* Sources */ = {
			isa = PBXSourcesBuildPhase;
			buildActionMask = 2147483647;
			files = (
				D089A88E1E6D8DEF00BCA0E1 /* ScrollableHeaderView.swift in Sources */,
				D0B53AF21E5CCE3500020B77 /* PeopleTableViewCell.swift in Sources */,
				138C8C691E6CAEF00006ADCB /* SponsorsViewController.swift in Sources */,
				D04788B61E5535A200158D49 /* SessionsViewController.swift in Sources */,
				D0771A651F90146A0089A822 /* Transitioner.swift in Sources */,
				D0038E731F79DE8D00B8F29E /* DataManager.swift in Sources */,
				13A126771E58908400096B77 /* MapViewController.swift in Sources */,
				D082357F1E526E150043FF04 /* JKJSONFile.swift in Sources */,
				D0B477E61E63734000FE9D01 /* DataModel.swift in Sources */,
				D0771A631F9012C60089A822 /* WorkshopDetailViewController.swift in Sources */,
				D05405AD1E54C3F700339F74 /* ItemCollectionViewCell.swift in Sources */,
				13AD34D51E5F1AD400DFF4DD /* PeopleViewController.swift in Sources */,
				D03A368A1E57C53000B4F275 /* WorkshopsViewController.swift in Sources */,
				D03A368C1E57E7A500B4F275 /* WorkshopCollectionViewCell.swift in Sources */,
				D08235511E526D8A0043FF04 /* ViewController.swift in Sources */,
				D082354F1E526D8A0043FF04 /* AppDelegate.swift in Sources */,
				D089A88C1E6D8DB200BCA0E1 /* AboutViewController.swift in Sources */,
				13D693301E73A413004393B9 /* SponsorsTableViewController.swift in Sources */,
				13027A6B1E5CC70E001FA63E /* WorkshopsXCViewController.swift in Sources */,
			);
			runOnlyForDeploymentPostprocessing = 0;
		};
		D082355B1E526D8A0043FF04 /* Sources */ = {
			isa = PBXSourcesBuildPhase;
			buildActionMask = 2147483647;
			files = (
				D08235641E526D8A0043FF04 /* Conference_PlusTests.swift in Sources */,
			);
			runOnlyForDeploymentPostprocessing = 0;
		};
		D08235661E526D8A0043FF04 /* Sources */ = {
			isa = PBXSourcesBuildPhase;
			buildActionMask = 2147483647;
			files = (
				D082356F1E526D8A0043FF04 /* Conference_PlusUITests.swift in Sources */,
			);
			runOnlyForDeploymentPostprocessing = 0;
		};
/* End PBXSourcesBuildPhase section */

/* Begin PBXTargetDependency section */
		D08235611E526D8A0043FF04 /* PBXTargetDependency */ = {
			isa = PBXTargetDependency;
			target = D082354A1E526D8A0043FF04 /* TechFest */;
			targetProxy = D08235601E526D8A0043FF04 /* PBXContainerItemProxy */;
		};
		D082356C1E526D8A0043FF04 /* PBXTargetDependency */ = {
			isa = PBXTargetDependency;
			target = D082354A1E526D8A0043FF04 /* TechFest */;
			targetProxy = D082356B1E526D8A0043FF04 /* PBXContainerItemProxy */;
		};
/* End PBXTargetDependency section */

/* Begin PBXVariantGroup section */
		D08235521E526D8A0043FF04 /* Main.storyboard */ = {
			isa = PBXVariantGroup;
			children = (
				D08235531E526D8A0043FF04 /* Base */,
			);
			name = Main.storyboard;
			sourceTree = "<group>";
		};
		D08235571E526D8A0043FF04 /* LaunchScreen.storyboard */ = {
			isa = PBXVariantGroup;
			children = (
				D08235581E526D8A0043FF04 /* Base */,
			);
			name = LaunchScreen.storyboard;
			sourceTree = "<group>";
		};
/* End PBXVariantGroup section */

/* Begin XCBuildConfiguration section */
		D08235711E526D8A0043FF04 /* Debug */ = {
			isa = XCBuildConfiguration;
			buildSettings = {
				ALWAYS_SEARCH_USER_PATHS = NO;
				CLANG_ANALYZER_NONNULL = YES;
				CLANG_CXX_LANGUAGE_STANDARD = "gnu++0x";
				CLANG_CXX_LIBRARY = "libc++";
				CLANG_ENABLE_MODULES = YES;
				CLANG_ENABLE_OBJC_ARC = YES;
				CLANG_WARN_BLOCK_CAPTURE_AUTORELEASING = YES;
				CLANG_WARN_BOOL_CONVERSION = YES;
				CLANG_WARN_COMMA = YES;
				CLANG_WARN_CONSTANT_CONVERSION = YES;
				CLANG_WARN_DIRECT_OBJC_ISA_USAGE = YES_ERROR;
				CLANG_WARN_DOCUMENTATION_COMMENTS = YES;
				CLANG_WARN_EMPTY_BODY = YES;
				CLANG_WARN_ENUM_CONVERSION = YES;
				CLANG_WARN_INFINITE_RECURSION = YES;
				CLANG_WARN_INT_CONVERSION = YES;
				CLANG_WARN_NON_LITERAL_NULL_CONVERSION = YES;
				CLANG_WARN_OBJC_LITERAL_CONVERSION = YES;
				CLANG_WARN_OBJC_ROOT_CLASS = YES_ERROR;
				CLANG_WARN_RANGE_LOOP_ANALYSIS = YES;
				CLANG_WARN_STRICT_PROTOTYPES = YES;
				CLANG_WARN_SUSPICIOUS_MOVE = YES;
				CLANG_WARN_UNREACHABLE_CODE = YES;
				CLANG_WARN__DUPLICATE_METHOD_MATCH = YES;
				"CODE_SIGN_IDENTITY[sdk=iphoneos*]" = "iPhone Developer";
				COPY_PHASE_STRIP = NO;
				DEBUG_INFORMATION_FORMAT = dwarf;
				ENABLE_STRICT_OBJC_MSGSEND = YES;
				ENABLE_TESTABILITY = YES;
				GCC_C_LANGUAGE_STANDARD = gnu99;
				GCC_DYNAMIC_NO_PIC = NO;
				GCC_NO_COMMON_BLOCKS = YES;
				GCC_OPTIMIZATION_LEVEL = 0;
				GCC_PREPROCESSOR_DEFINITIONS = (
					"DEBUG=1",
					"$(inherited)",
				);
				GCC_WARN_64_TO_32_BIT_CONVERSION = YES;
				GCC_WARN_ABOUT_RETURN_TYPE = YES_ERROR;
				GCC_WARN_UNDECLARED_SELECTOR = YES;
				GCC_WARN_UNINITIALIZED_AUTOS = YES_AGGRESSIVE;
				GCC_WARN_UNUSED_FUNCTION = YES;
				GCC_WARN_UNUSED_VARIABLE = YES;
				IPHONEOS_DEPLOYMENT_TARGET = 10.2;
				MTL_ENABLE_DEBUG_INFO = YES;
				ONLY_ACTIVE_ARCH = YES;
				SDKROOT = iphoneos;
				SWIFT_ACTIVE_COMPILATION_CONDITIONS = DEBUG;
				SWIFT_OPTIMIZATION_LEVEL = "-Onone";
				TARGETED_DEVICE_FAMILY = "1,2";
			};
			name = Debug;
		};
		D08235721E526D8A0043FF04 /* Release */ = {
			isa = XCBuildConfiguration;
			buildSettings = {
				ALWAYS_SEARCH_USER_PATHS = NO;
				CLANG_ANALYZER_NONNULL = YES;
				CLANG_CXX_LANGUAGE_STANDARD = "gnu++0x";
				CLANG_CXX_LIBRARY = "libc++";
				CLANG_ENABLE_MODULES = YES;
				CLANG_ENABLE_OBJC_ARC = YES;
				CLANG_WARN_BLOCK_CAPTURE_AUTORELEASING = YES;
				CLANG_WARN_BOOL_CONVERSION = YES;
				CLANG_WARN_COMMA = YES;
				CLANG_WARN_CONSTANT_CONVERSION = YES;
				CLANG_WARN_DIRECT_OBJC_ISA_USAGE = YES_ERROR;
				CLANG_WARN_DOCUMENTATION_COMMENTS = YES;
				CLANG_WARN_EMPTY_BODY = YES;
				CLANG_WARN_ENUM_CONVERSION = YES;
				CLANG_WARN_INFINITE_RECURSION = YES;
				CLANG_WARN_INT_CONVERSION = YES;
				CLANG_WARN_NON_LITERAL_NULL_CONVERSION = YES;
				CLANG_WARN_OBJC_LITERAL_CONVERSION = YES;
				CLANG_WARN_OBJC_ROOT_CLASS = YES_ERROR;
				CLANG_WARN_RANGE_LOOP_ANALYSIS = YES;
				CLANG_WARN_STRICT_PROTOTYPES = YES;
				CLANG_WARN_SUSPICIOUS_MOVE = YES;
				CLANG_WARN_UNREACHABLE_CODE = YES;
				CLANG_WARN__DUPLICATE_METHOD_MATCH = YES;
				"CODE_SIGN_IDENTITY[sdk=iphoneos*]" = "iPhone Developer";
				COPY_PHASE_STRIP = NO;
				DEBUG_INFORMATION_FORMAT = "dwarf-with-dsym";
				ENABLE_NS_ASSERTIONS = NO;
				ENABLE_STRICT_OBJC_MSGSEND = YES;
				GCC_C_LANGUAGE_STANDARD = gnu99;
				GCC_NO_COMMON_BLOCKS = YES;
				GCC_WARN_64_TO_32_BIT_CONVERSION = YES;
				GCC_WARN_ABOUT_RETURN_TYPE = YES_ERROR;
				GCC_WARN_UNDECLARED_SELECTOR = YES;
				GCC_WARN_UNINITIALIZED_AUTOS = YES_AGGRESSIVE;
				GCC_WARN_UNUSED_FUNCTION = YES;
				GCC_WARN_UNUSED_VARIABLE = YES;
				IPHONEOS_DEPLOYMENT_TARGET = 10.2;
				MTL_ENABLE_DEBUG_INFO = NO;
				SDKROOT = iphoneos;
				SWIFT_OPTIMIZATION_LEVEL = "-Owholemodule";
				TARGETED_DEVICE_FAMILY = "1,2";
				VALIDATE_PRODUCT = YES;
			};
			name = Release;
		};
		D08235741E526D8A0043FF04 /* Debug */ = {
			isa = XCBuildConfiguration;
			buildSettings = {
				ALWAYS_EMBED_SWIFT_STANDARD_LIBRARIES = YES;
				ASSETCATALOG_COMPILER_APPICON_NAME = "AppIcon-1";
				DEVELOPMENT_TEAM = 7DL8RQG4VE;
				FRAMEWORK_SEARCH_PATHS = (
					"$(inherited)",
					"$(PROJECT_DIR)",
				);
				INFOPLIST_FILE = "Conference Plus/Info.plist";
				IPHONEOS_DEPLOYMENT_TARGET = 11.0;
				LD_RUNPATH_SEARCH_PATHS = "$(inherited) @executable_path/Frameworks";
				PRODUCT_BUNDLE_IDENTIFIER = com.suneettipirneni.TechFest;
				PRODUCT_NAME = "$(TARGET_NAME)";
				SWIFT_SWIFT3_OBJC_INFERENCE = Default;
				SWIFT_VERSION = 4.0;
				TARGETED_DEVICE_FAMILY = 1;
			};
			name = Debug;
		};
		D08235751E526D8A0043FF04 /* Release */ = {
			isa = XCBuildConfiguration;
			buildSettings = {
				ALWAYS_EMBED_SWIFT_STANDARD_LIBRARIES = YES;
				ASSETCATALOG_COMPILER_APPICON_NAME = "AppIcon-1";
				DEVELOPMENT_TEAM = 7DL8RQG4VE;
				FRAMEWORK_SEARCH_PATHS = (
					"$(inherited)",
					"$(PROJECT_DIR)",
				);
				INFOPLIST_FILE = "Conference Plus/Info.plist";
				IPHONEOS_DEPLOYMENT_TARGET = 11.0;
				LD_RUNPATH_SEARCH_PATHS = "$(inherited) @executable_path/Frameworks";
				PRODUCT_BUNDLE_IDENTIFIER = com.suneettipirneni.TechFest;
				PRODUCT_NAME = "$(TARGET_NAME)";
				SWIFT_SWIFT3_OBJC_INFERENCE = Default;
				SWIFT_VERSION = 4.0;
				TARGETED_DEVICE_FAMILY = 1;
			};
			name = Release;
		};
		D08235771E526D8A0043FF04 /* Debug */ = {
			isa = XCBuildConfiguration;
			buildSettings = {
				ALWAYS_EMBED_SWIFT_STANDARD_LIBRARIES = YES;
				BUNDLE_LOADER = "$(TEST_HOST)";
				DEVELOPMENT_TEAM = 7DL8RQG4VE;
				INFOPLIST_FILE = "Conference PlusTests/Info.plist";
				LD_RUNPATH_SEARCH_PATHS = "$(inherited) @executable_path/Frameworks @loader_path/Frameworks";
				PRODUCT_BUNDLE_IDENTIFIER = "com.suneettipirneni.Conference-PlusTests";
				PRODUCT_NAME = "$(TARGET_NAME)";
				SWIFT_SWIFT3_OBJC_INFERENCE = On;
				SWIFT_VERSION = 4.0;
				TEST_HOST = "$(BUILT_PRODUCTS_DIR)/TechFest.app/TechFest";
			};
			name = Debug;
		};
		D08235781E526D8A0043FF04 /* Release */ = {
			isa = XCBuildConfiguration;
			buildSettings = {
				ALWAYS_EMBED_SWIFT_STANDARD_LIBRARIES = YES;
				BUNDLE_LOADER = "$(TEST_HOST)";
				DEVELOPMENT_TEAM = 7DL8RQG4VE;
				INFOPLIST_FILE = "Conference PlusTests/Info.plist";
				LD_RUNPATH_SEARCH_PATHS = "$(inherited) @executable_path/Frameworks @loader_path/Frameworks";
				PRODUCT_BUNDLE_IDENTIFIER = "com.suneettipirneni.Conference-PlusTests";
				PRODUCT_NAME = "$(TARGET_NAME)";
				SWIFT_SWIFT3_OBJC_INFERENCE = On;
				SWIFT_VERSION = 4.0;
				TEST_HOST = "$(BUILT_PRODUCTS_DIR)/TechFest.app/TechFest";
			};
			name = Release;
		};
		D082357A1E526D8A0043FF04 /* Debug */ = {
			isa = XCBuildConfiguration;
			buildSettings = {
				ALWAYS_EMBED_SWIFT_STANDARD_LIBRARIES = YES;
				DEVELOPMENT_TEAM = 7DL8RQG4VE;
				INFOPLIST_FILE = "Conference PlusUITests/Info.plist";
				LD_RUNPATH_SEARCH_PATHS = "$(inherited) @executable_path/Frameworks @loader_path/Frameworks";
				PRODUCT_BUNDLE_IDENTIFIER = "com.suneettipirneni.Conference-PlusUITests";
				PRODUCT_NAME = "$(TARGET_NAME)";
				SWIFT_SWIFT3_OBJC_INFERENCE = On;
				SWIFT_VERSION = 4.0;
				TEST_TARGET_NAME = "Conference Plus";
			};
			name = Debug;
		};
		D082357B1E526D8A0043FF04 /* Release */ = {
			isa = XCBuildConfiguration;
			buildSettings = {
				ALWAYS_EMBED_SWIFT_STANDARD_LIBRARIES = YES;
				DEVELOPMENT_TEAM = 7DL8RQG4VE;
				INFOPLIST_FILE = "Conference PlusUITests/Info.plist";
				LD_RUNPATH_SEARCH_PATHS = "$(inherited) @executable_path/Frameworks @loader_path/Frameworks";
				PRODUCT_BUNDLE_IDENTIFIER = "com.suneettipirneni.Conference-PlusUITests";
				PRODUCT_NAME = "$(TARGET_NAME)";
				SWIFT_SWIFT3_OBJC_INFERENCE = On;
				SWIFT_VERSION = 4.0;
				TEST_TARGET_NAME = "Conference Plus";
			};
			name = Release;
		};
/* End XCBuildConfiguration section */

/* Begin XCConfigurationList section */
		D08235461E526D8A0043FF04 /* Build configuration list for PBXProject "TechFest" */ = {
			isa = XCConfigurationList;
			buildConfigurations = (
				D08235711E526D8A0043FF04 /* Debug */,
				D08235721E526D8A0043FF04 /* Release */,
			);
			defaultConfigurationIsVisible = 0;
			defaultConfigurationName = Release;
		};
		D08235731E526D8A0043FF04 /* Build configuration list for PBXNativeTarget "TechFest" */ = {
			isa = XCConfigurationList;
			buildConfigurations = (
				D08235741E526D8A0043FF04 /* Debug */,
				D08235751E526D8A0043FF04 /* Release */,
			);
			defaultConfigurationIsVisible = 0;
			defaultConfigurationName = Release;
		};
		D08235761E526D8A0043FF04 /* Build configuration list for PBXNativeTarget "TechFestTests" */ = {
			isa = XCConfigurationList;
			buildConfigurations = (
				D08235771E526D8A0043FF04 /* Debug */,
				D08235781E526D8A0043FF04 /* Release */,
			);
			defaultConfigurationIsVisible = 0;
			defaultConfigurationName = Release;
		};
		D08235791E526D8A0043FF04 /* Build configuration list for PBXNativeTarget "TechFestUITests" */ = {
			isa = XCConfigurationList;
			buildConfigurations = (
				D082357A1E526D8A0043FF04 /* Debug */,
				D082357B1E526D8A0043FF04 /* Release */,
			);
			defaultConfigurationIsVisible = 0;
			defaultConfigurationName = Release;
		};
/* End XCConfigurationList section */
	};
	rootObject = D08235431E526D8A0043FF04 /* Project object */;
}
